
Microsoft Visual Studio Solution File, Format Version 12.00
# Visual Studio Version 16
VisualStudioVersion = 16.0.30523.141
MinimumVisualStudioVersion = 10.0.40219.1
Project("{9A19103F-16F7-4668-BE54-9A1E7A4F7556}") = "DataLayer", "DataLayer\DataLayer.csproj", "{75850E10-60D8-4C67-85BB-CCDF7F493CB5}"
EndProject
Project("{9A19103F-16F7-4668-BE54-9A1E7A4F7556}") = "BuisnessLayer", "BuisnessLayer\BuisnessLayer.csproj", "{3CEAA528-E190-4660-AF48-AB39B7D01524}"
EndProject
Project("{FAE04EC0-301F-11D3-BF4B-00C04F79EFBC}") = "presentationLayer", "presentationLayer\presentationLayer.csproj", "{F9404726-8A31-4CBD-BC6B-C5FF415D71AA}"
EndProject
Global
	GlobalSection(SolutionConfigurationPlatforms) = preSolution
		Debug|Any CPU = Debug|Any CPU
		Release|Any CPU = Release|Any CPU
	EndGlobalSection
	GlobalSection(ProjectConfigurationPlatforms) = postSolution
		{75850E10-60D8-4C67-85BB-CCDF7F493CB5}.Debug|Any CPU.ActiveCfg = Debug|Any CPU
		{75850E10-60D8-4C67-85BB-CCDF7F493CB5}.Debug|Any CPU.Build.0 = Debug|Any CPU
		{75850E10-60D8-4C67-85BB-CCDF7F493CB5}.Release|Any CPU.ActiveCfg = Release|Any CPU
		{75850E10-60D8-4C67-85BB-CCDF7F493CB5}.Release|Any CPU.Build.0 = Release|Any CPU
		{3CEAA528-E190-4660-AF48-AB39B7D01524}.Debug|Any CPU.ActiveCfg = Debug|Any CPU
		{3CEAA528-E190-4660-AF48-AB39B7D01524}.Debug|Any CPU.Build.0 = Debug|Any CPU
		{3CEAA528-E190-4660-AF48-AB39B7D01524}.Release|Any CPU.ActiveCfg = Release|Any CPU
		{3CEAA528-E190-4660-AF48-AB39B7D01524}.Release|Any CPU.Build.0 = Release|Any CPU
		{F9404726-8A31-4CBD-BC6B-C5FF415D71AA}.Debug|Any CPU.ActiveCfg = Debug|Any CPU
		{F9404726-8A31-4CBD-BC6B-C5FF415D71AA}.Debug|Any CPU.Build.0 = Debug|Any CPU
		{F9404726-8A31-4CBD-BC6B-C5FF415D71AA}.Release|Any CPU.ActiveCfg = Release|Any CPU
		{F9404726-8A31-4CBD-BC6B-C5FF415D71AA}.Release|Any CPU.Build.0 = Release|Any CPU
	EndGlobalSection
	GlobalSection(SolutionProperties) = preSolution
		HideSolutionNode = FALSE
	EndGlobalSection
	GlobalSection(ExtensibilityGlobals) = postSolution
		SolutionGuid = {DED3B9EE-3C45-40DA-B5D1-17EDF30E5F3C}
	EndGlobalSection
EndGlobal
